
Microsoft Visual Studio Solution File, Format Version 12.00
# Visual Studio Version 17
VisualStudioVersion = 17.13.35825.156 d17.13
MinimumVisualStudioVersion = 10.0.40219.1
Project("{FAE04EC0-301F-11D3-BF4B-00C04F79EFBC}") = "Clinica", "Clinica\Clinica.csproj", "{CC8D31F9-4F30-4114-92D7-505182654C4F}"
EndProject
Global
	GlobalSection(SolutionConfigurationPlatforms) = preSolution
		Debug|Any CPU = Debug|Any CPU
		Release|Any CPU = Release|Any CPU
	EndGlobalSection
	GlobalSection(ProjectConfigurationPlatforms) = postSolution
		{CC8D31F9-4F30-4114-92D7-505182654C4F}.Debug|Any CPU.ActiveCfg = Debug|Any CPU
		{CC8D31F9-4F30-4114-92D7-505182654C4F}.Debug|Any CPU.Build.0 = Debug|Any CPU
		{CC8D31F9-4F30-4114-92D7-505182654C4F}.Release|Any CPU.ActiveCfg = Release|Any CPU
		{CC8D31F9-4F30-4114-92D7-505182654C4F}.Release|Any CPU.Build.0 = Release|Any CPU
	EndGlobalSection
	GlobalSection(SolutionProperties) = preSolution
		HideSolutionNode = FALSE
	EndGlobalSection
	GlobalSection(ExtensibilityGlobals) = postSolution
		SolutionGuid = {34AA8F42-02F4-413B-99F0-B2667348ADDB}
	EndGlobalSection
EndGlobal
